
Microsoft Visual Studio Solution File, Format Version 12.00
# Visual Studio Version 17
VisualStudioVersion = 17.14.36429.23
MinimumVisualStudioVersion = 10.0.40219.1
Project("{2150E333-8FDC-42A3-9474-1A3956D46DE8}") = "Task0", "Task0", "{36D591C7-65C7-A0D1-1CBC-10CDE441BDC8}"
EndProject
Project("{FAE04EC0-301F-11D3-BF4B-00C04F79EFBC}") = "Tyuiu.TsvetkovRA.Sprint4.Task0.V30", "Tyuiu.TsvetkovRA.Sprint4.Task0.V30\Tyuiu.TsvetkovRA.Sprint4.Task0.V30.csproj", "{E5225A5F-751C-4BC1-A88B-0AE667B32B3C}"
EndProject
Project("{FAE04EC0-301F-11D3-BF4B-00C04F79EFBC}") = "Tyuiu.TsvetkovRA.Sprint4.Task0.V30.Test", "Tyuiu.TsvetkovRA.Sprint4.Task0.V30.Test\Tyuiu.TsvetkovRA.Sprint4.Task0.V30.Test.csproj", "{9BED608A-8A2E-4995-B713-C8808E8300EF}"
EndProject
Project("{FAE04EC0-301F-11D3-BF4B-00C04F79EFBC}") = "Tyuiu.TsvetkovRA.Sprint4.Task0.V30.Lib", "Tyuiu.TsvetkovRA.Sprint4.Task0.V30.Lib\Tyuiu.TsvetkovRA.Sprint4.Task0.V30.Lib.csproj", "{A8E41112-AEB6-48CA-BDC2-440F616DBFE5}"
EndProject
Project("{2150E333-8FDC-42A3-9474-1A3956D46DE8}") = "Task1", "Task1", "{9E492523-BAC5-4F07-9995-9CAA0D8B269E}"
EndProject
Project("{FAE04EC0-301F-11D3-BF4B-00C04F79EFBC}") = "Tyuiu.TsvetkovRA.Sprint4.Task1.V19", "Tyuiu.TsvetkovRA.Sprint4.Task1.V19\Tyuiu.TsvetkovRA.Sprint4.Task1.V19.csproj", "{59CF7265-1110-4BBE-B84E-1A89696363B0}"
EndProject
Project("{FAE04EC0-301F-11D3-BF4B-00C04F79EFBC}") = "Tyuiu.TsvetkovRA.Sprint4.Task1.V19.Lib", "Tyuiu.TsvetkovRA.Sprint4.Task1.V19.Lib\Tyuiu.TsvetkovRA.Sprint4.Task1.V19.Lib.csproj", "{8960E542-550B-44F9-92D0-27AAA54DB260}"
EndProject
Project("{FAE04EC0-301F-11D3-BF4B-00C04F79EFBC}") = "Tyuiu.TsvetkovRA.Sprint4.Task1.V19.Test", "Tyuiu.TsvetkovRA.Sprint4.Task1.V19.Test\Tyuiu.TsvetkovRA.Sprint4.Task1.V19.Test.csproj", "{365B9CD6-B1E9-4840-9B96-35704912628E}"
EndProject
Project("{2150E333-8FDC-42A3-9474-1A3956D46DE8}") = "Task2", "Task2", "{0F0E0BB1-9223-4660-8251-C8078BF7EB7D}"
EndProject
Project("{FAE04EC0-301F-11D3-BF4B-00C04F79EFBC}") = "Tyuiu.TsvetkovRA.Sprint4.Task2.V2", "Tyuiu.TsvetkovRA.Sprint4.Task2.V2\Tyuiu.TsvetkovRA.Sprint4.Task2.V2.csproj", "{5D68889D-6765-4EE8-9DA2-A8C0E022C2A7}"
EndProject
Project("{FAE04EC0-301F-11D3-BF4B-00C04F79EFBC}") = "Tyuiu.TsvetkovRA.Sprint4.Task2.V2.Test", "Tyuiu.TsvetkovRA.Sprint4.Task2.V2.Test\Tyuiu.TsvetkovRA.Sprint4.Task2.V2.Test.csproj", "{1AA75842-E56D-43FD-97A8-84C582ED3C88}"
EndProject
Project("{FAE04EC0-301F-11D3-BF4B-00C04F79EFBC}") = "Tyuiu.TsvetkovRA.Sprint4.Task2.V2.Lib", "Tyuiu.TsvetkovRA.Sprint4.Task2.V2.Lib\Tyuiu.TsvetkovRA.Sprint4.Task2.V2.Lib.csproj", "{BAC56CB9-8F84-47C1-ABE9-7A28A641B3C4}"
EndProject
Project("{2150E333-8FDC-42A3-9474-1A3956D46DE8}") = "Task3", "Task3", "{3B844BF2-E1A0-4494-A632-F16DC3AC7B07}"
EndProject
Project("{FAE04EC0-301F-11D3-BF4B-00C04F79EFBC}") = "Tyuiu.TsvetkovRA.Sprint4.Task3.V4", "Tyuiu.TsvetkovRA.Sprint4.Task3.V4\Tyuiu.TsvetkovRA.Sprint4.Task3.V4.csproj", "{054474B4-0E71-4F90-BBD6-B4FE84C58AC0}"
EndProject
Project("{FAE04EC0-301F-11D3-BF4B-00C04F79EFBC}") = "Tyuiu.TsvetkovRA.Sprint4.Task3.V4.Lib", "Tyuiu.TsvetkovRA.Sprint4.Task3.V4.Lib\Tyuiu.TsvetkovRA.Sprint4.Task3.V4.Lib.csproj", "{747E9A13-FD73-4AB8-B58A-3C48A03F2DC5}"
EndProject
Project("{FAE04EC0-301F-11D3-BF4B-00C04F79EFBC}") = "Tyuiu.TsvetkovRA.Sprint4.Task3.V4.Test", "Tyuiu.TsvetkovRA.Sprint4.Task3.V4.Test\Tyuiu.TsvetkovRA.Sprint4.Task3.V4.Test.csproj", "{27E2569E-E9E0-467A-9AE2-1947598A0CCE}"
EndProject
Project("{2150E333-8FDC-42A3-9474-1A3956D46DE8}") = "Task4", "Task4", "{F2DF1991-98D4-497A-9F1A-415E51B518D6}"
EndProject
Project("{FAE04EC0-301F-11D3-BF4B-00C04F79EFBC}") = "Tyuiu.TsvetkovRA.Sprint4.Task4.V26", "Tyuiu.TsvetkovRA.Sprint4.Task4.V26\Tyuiu.TsvetkovRA.Sprint4.Task4.V26.csproj", "{660FFEE2-AFAE-4AA3-9B85-B3239635CF39}"
EndProject
Project("{FAE04EC0-301F-11D3-BF4B-00C04F79EFBC}") = "Tyuiu.TsvetkovRA.Sprint4.Task4.V26.Test", "Tyuiu.TsvetkovRA.Sprint4.Task4.V26.Test\Tyuiu.TsvetkovRA.Sprint4.Task4.V26.Test.csproj", "{1F3F6B2F-1522-4331-BFD4-658756FDF77F}"
EndProject
Project("{FAE04EC0-301F-11D3-BF4B-00C04F79EFBC}") = "Tyuiu.TsvetkovRA.Sprint4.Task4.V26.Lib", "Tyuiu.TsvetkovRA.Sprint4.Task4.V26.Lib\Tyuiu.TsvetkovRA.Sprint4.Task4.V26.Lib.csproj", "{BECABFD4-48A9-4438-964E-2D95C9236CD4}"
EndProject
Global
	GlobalSection(SolutionConfigurationPlatforms) = preSolution
		Debug|Any CPU = Debug|Any CPU
		Release|Any CPU = Release|Any CPU
	EndGlobalSection
	GlobalSection(ProjectConfigurationPlatforms) = postSolution
		{E5225A5F-751C-4BC1-A88B-0AE667B32B3C}.Debug|Any CPU.ActiveCfg = Debug|Any CPU
		{E5225A5F-751C-4BC1-A88B-0AE667B32B3C}.Debug|Any CPU.Build.0 = Debug|Any CPU
		{E5225A5F-751C-4BC1-A88B-0AE667B32B3C}.Release|Any CPU.ActiveCfg = Release|Any CPU
		{E5225A5F-751C-4BC1-A88B-0AE667B32B3C}.Release|Any CPU.Build.0 = Release|Any CPU
		{9BED608A-8A2E-4995-B713-C8808E8300EF}.Debug|Any CPU.ActiveCfg = Debug|Any CPU
		{9BED608A-8A2E-4995-B713-C8808E8300EF}.Debug|Any CPU.Build.0 = Debug|Any CPU
		{9BED608A-8A2E-4995-B713-C8808E8300EF}.Release|Any CPU.ActiveCfg = Release|Any CPU
		{9BED608A-8A2E-4995-B713-C8808E8300EF}.Release|Any CPU.Build.0 = Release|Any CPU
		{A8E41112-AEB6-48CA-BDC2-440F616DBFE5}.Debug|Any CPU.ActiveCfg = Debug|Any CPU
		{A8E41112-AEB6-48CA-BDC2-440F616DBFE5}.Debug|Any CPU.Build.0 = Debug|Any CPU
		{A8E41112-AEB6-48CA-BDC2-440F616DBFE5}.Release|Any CPU.ActiveCfg = Release|Any CPU
		{A8E41112-AEB6-48CA-BDC2-440F616DBFE5}.Release|Any CPU.Build.0 = Release|Any CPU
		{59CF7265-1110-4BBE-B84E-1A89696363B0}.Debug|Any CPU.ActiveCfg = Debug|Any CPU
		{59CF7265-1110-4BBE-B84E-1A89696363B0}.Debug|Any CPU.Build.0 = Debug|Any CPU
		{59CF7265-1110-4BBE-B84E-1A89696363B0}.Release|Any CPU.ActiveCfg = Release|Any CPU
		{59CF7265-1110-4BBE-B84E-1A89696363B0}.Release|Any CPU.Build.0 = Release|Any CPU
		{8960E542-550B-44F9-92D0-27AAA54DB260}.Debug|Any CPU.ActiveCfg = Debug|Any CPU
		{8960E542-550B-44F9-92D0-27AAA54DB260}.Debug|Any CPU.Build.0 = Debug|Any CPU
		{8960E542-550B-44F9-92D0-27AAA54DB260}.Release|Any CPU.ActiveCfg = Release|Any CPU
		{8960E542-550B-44F9-92D0-27AAA54DB260}.Release|Any CPU.Build.0 = Release|Any CPU
		{365B9CD6-B1E9-4840-9B96-35704912628E}.Debug|Any CPU.ActiveCfg = Debug|Any CPU
		{365B9CD6-B1E9-4840-9B96-35704912628E}.Debug|Any CPU.Build.0 = Debug|Any CPU
		{365B9CD6-B1E9-4840-9B96-35704912628E}.Release|Any CPU.ActiveCfg = Release|Any CPU
		{365B9CD6-B1E9-4840-9B96-35704912628E}.Release|Any CPU.Build.0 = Release|Any CPU
		{5D68889D-6765-4EE8-9DA2-A8C0E022C2A7}.Debug|Any CPU.ActiveCfg = Debug|Any CPU
		{5D68889D-6765-4EE8-9DA2-A8C0E022C2A7}.Debug|Any CPU.Build.0 = Debug|Any CPU
		{5D68889D-6765-4EE8-9DA2-A8C0E022C2A7}.Release|Any CPU.ActiveCfg = Release|Any CPU
		{5D68889D-6765-4EE8-9DA2-A8C0E022C2A7}.Release|Any CPU.Build.0 = Release|Any CPU
		{1AA75842-E56D-43FD-97A8-84C582ED3C88}.Debug|Any CPU.ActiveCfg = Debug|Any CPU
		{1AA75842-E56D-43FD-97A8-84C582ED3C88}.Debug|Any CPU.Build.0 = Debug|Any CPU
		{1AA75842-E56D-43FD-97A8-84C582ED3C88}.Release|Any CPU.ActiveCfg = Release|Any CPU
		{1AA75842-E56D-43FD-97A8-84C582ED3C88}.Release|Any CPU.Build.0 = Release|Any CPU
		{BAC56CB9-8F84-47C1-ABE9-7A28A641B3C4}.Debug|Any CPU.ActiveCfg = Debug|Any CPU
		{BAC56CB9-8F84-47C1-ABE9-7A28A641B3C4}.Debug|Any CPU.Build.0 = Debug|Any CPU
		{BAC56CB9-8F84-47C1-ABE9-7A28A641B3C4}.Release|Any CPU.ActiveCfg = Release|Any CPU
		{BAC56CB9-8F84-47C1-ABE9-7A28A641B3C4}.Release|Any CPU.Build.0 = Release|Any CPU
		{054474B4-0E71-4F90-BBD6-B4FE84C58AC0}.Debug|Any CPU.ActiveCfg = Debug|Any CPU
		{054474B4-0E71-4F90-BBD6-B4FE84C58AC0}.Debug|Any CPU.Build.0 = Debug|Any CPU
		{054474B4-0E71-4F90-BBD6-B4FE84C58AC0}.Release|Any CPU.ActiveCfg = Release|Any CPU
		{054474B4-0E71-4F90-BBD6-B4FE84C58AC0}.Release|Any CPU.Build.0 = Release|Any CPU
		{747E9A13-FD73-4AB8-B58A-3C48A03F2DC5}.Debug|Any CPU.ActiveCfg = Debug|Any CPU
		{747E9A13-FD73-4AB8-B58A-3C48A03F2DC5}.Debug|Any CPU.Build.0 = Debug|Any CPU
		{747E9A13-FD73-4AB8-B58A-3C48A03F2DC5}.Release|Any CPU.ActiveCfg = Release|Any CPU
		{747E9A13-FD73-4AB8-B58A-3C48A03F2DC5}.Release|Any CPU.Build.0 = Release|Any CPU
		{27E2569E-E9E0-467A-9AE2-1947598A0CCE}.Debug|Any CPU.ActiveCfg = Debug|Any CPU
		{27E2569E-E9E0-467A-9AE2-1947598A0CCE}.Debug|Any CPU.Build.0 = Debug|Any CPU
		{27E2569E-E9E0-467A-9AE2-1947598A0CCE}.Release|Any CPU.ActiveCfg = Release|Any CPU
		{27E2569E-E9E0-467A-9AE2-1947598A0CCE}.Release|Any CPU.Build.0 = Release|Any CPU
		{660FFEE2-AFAE-4AA3-9B85-B3239635CF39}.Debug|Any CPU.ActiveCfg = Debug|Any CPU
		{660FFEE2-AFAE-4AA3-9B85-B3239635CF39}.Debug|Any CPU.Build.0 = Debug|Any CPU
		{660FFEE2-AFAE-4AA3-9B85-B3239635CF39}.Release|Any CPU.ActiveCfg = Release|Any CPU
		{660FFEE2-AFAE-4AA3-9B85-B3239635CF39}.Release|Any CPU.Build.0 = Release|Any CPU
		{1F3F6B2F-1522-4331-BFD4-658756FDF77F}.Debug|Any CPU.ActiveCfg = Debug|Any CPU
		{1F3F6B2F-1522-4331-BFD4-658756FDF77F}.Debug|Any CPU.Build.0 = Debug|Any CPU
		{1F3F6B2F-1522-4331-BFD4-658756FDF77F}.Release|Any CPU.ActiveCfg = Release|Any CPU
		{1F3F6B2F-1522-4331-BFD4-658756FDF77F}.Release|Any CPU.Build.0 = Release|Any CPU
		{BECABFD4-48A9-4438-964E-2D95C9236CD4}.Debug|Any CPU.ActiveCfg = Debug|Any CPU
		{BECABFD4-48A9-4438-964E-2D95C9236CD4}.Debug|Any CPU.Build.0 = Debug|Any CPU
		{BECABFD4-48A9-4438-964E-2D95C9236CD4}.Release|Any CPU.ActiveCfg = Release|Any CPU
		{BECABFD4-48A9-4438-964E-2D95C9236CD4}.Release|Any CPU.Build.0 = Release|Any CPU
	EndGlobalSection
	GlobalSection(SolutionProperties) = preSolution
		HideSolutionNode = FALSE
	EndGlobalSection
	GlobalSection(NestedProjects) = preSolution
		{E5225A5F-751C-4BC1-A88B-0AE667B32B3C} = {36D591C7-65C7-A0D1-1CBC-10CDE441BDC8}
		{9BED608A-8A2E-4995-B713-C8808E8300EF} = {36D591C7-65C7-A0D1-1CBC-10CDE441BDC8}
		{A8E41112-AEB6-48CA-BDC2-440F616DBFE5} = {36D591C7-65C7-A0D1-1CBC-10CDE441BDC8}
		{59CF7265-1110-4BBE-B84E-1A89696363B0} = {9E492523-BAC5-4F07-9995-9CAA0D8B269E}
		{8960E542-550B-44F9-92D0-27AAA54DB260} = {9E492523-BAC5-4F07-9995-9CAA0D8B269E}
		{365B9CD6-B1E9-4840-9B96-35704912628E} = {9E492523-BAC5-4F07-9995-9CAA0D8B269E}
		{5D68889D-6765-4EE8-9DA2-A8C0E022C2A7} = {0F0E0BB1-9223-4660-8251-C8078BF7EB7D}
		{1AA75842-E56D-43FD-97A8-84C582ED3C88} = {0F0E0BB1-9223-4660-8251-C8078BF7EB7D}
		{BAC56CB9-8F84-47C1-ABE9-7A28A641B3C4} = {0F0E0BB1-9223-4660-8251-C8078BF7EB7D}
		{054474B4-0E71-4F90-BBD6-B4FE84C58AC0} = {3B844BF2-E1A0-4494-A632-F16DC3AC7B07}
		{747E9A13-FD73-4AB8-B58A-3C48A03F2DC5} = {3B844BF2-E1A0-4494-A632-F16DC3AC7B07}
		{27E2569E-E9E0-467A-9AE2-1947598A0CCE} = {3B844BF2-E1A0-4494-A632-F16DC3AC7B07}
		{660FFEE2-AFAE-4AA3-9B85-B3239635CF39} = {F2DF1991-98D4-497A-9F1A-415E51B518D6}
		{1F3F6B2F-1522-4331-BFD4-658756FDF77F} = {F2DF1991-98D4-497A-9F1A-415E51B518D6}
		{BECABFD4-48A9-4438-964E-2D95C9236CD4} = {F2DF1991-98D4-497A-9F1A-415E51B518D6}
	EndGlobalSection
	GlobalSection(ExtensibilityGlobals) = postSolution
		SolutionGuid = {155DFE19-A1AE-45C1-8E58-40201648C0B1}
	EndGlobalSection
EndGlobal
