
Microsoft Visual Studio Solution File, Format Version 12.00
# Visual Studio Version 17
VisualStudioVersion = 17.14.36429.23 d17.14
MinimumVisualStudioVersion = 10.0.40219.1
Project("{2150E333-8FDC-42A3-9474-1A3956D46DE8}") = "Task0", "Task0", "{36D591C7-65C7-A0D1-1CBC-10CDE441BDC8}"
EndProject
Project("{FAE04EC0-301F-11D3-BF4B-00C04F79EFBC}") = "Tyuiu.TsvetkovRA.Sprint4.Task0.V30", "Tyuiu.TsvetkovRA.Sprint4.Task0.V30\Tyuiu.TsvetkovRA.Sprint4.Task0.V30.csproj", "{E5225A5F-751C-4BC1-A88B-0AE667B32B3C}"
EndProject
Project("{FAE04EC0-301F-11D3-BF4B-00C04F79EFBC}") = "Tyuiu.TsvetkovRA.Sprint4.Task0.V30.Test", "Tyuiu.TsvetkovRA.Sprint4.Task0.V30.Test\Tyuiu.TsvetkovRA.Sprint4.Task0.V30.Test.csproj", "{9BED608A-8A2E-4995-B713-C8808E8300EF}"
EndProject
Project("{FAE04EC0-301F-11D3-BF4B-00C04F79EFBC}") = "Tyuiu.TsvetkovRA.Sprint4.Task0.V30.Lib", "Tyuiu.TsvetkovRA.Sprint4.Task0.V30.Lib\Tyuiu.TsvetkovRA.Sprint4.Task0.V30.Lib.csproj", "{A8E41112-AEB6-48CA-BDC2-440F616DBFE5}"
EndProject
Project("{2150E333-8FDC-42A3-9474-1A3956D46DE8}") = "Task1", "Task1", "{9E492523-BAC5-4F07-9995-9CAA0D8B269E}"
EndProject
Project("{FAE04EC0-301F-11D3-BF4B-00C04F79EFBC}") = "Tyuiu.TsvetkovRA.Sprint4.Task1.V19", "Tyuiu.TsvetkovRA.Sprint4.Task1.V19\Tyuiu.TsvetkovRA.Sprint4.Task1.V19.csproj", "{59CF7265-1110-4BBE-B84E-1A89696363B0}"
EndProject
Project("{FAE04EC0-301F-11D3-BF4B-00C04F79EFBC}") = "Tyuiu.TsvetkovRA.Sprint4.Task1.V19.Lib", "Tyuiu.TsvetkovRA.Sprint4.Task1.V19.Lib\Tyuiu.TsvetkovRA.Sprint4.Task1.V19.Lib.csproj", "{8960E542-550B-44F9-92D0-27AAA54DB260}"
EndProject
Project("{FAE04EC0-301F-11D3-BF4B-00C04F79EFBC}") = "Tyuiu.TsvetkovRA.Sprint4.Task1.V19.Test", "Tyuiu.TsvetkovRA.Sprint4.Task1.V19.Test\Tyuiu.TsvetkovRA.Sprint4.Task1.V19.Test.csproj", "{365B9CD6-B1E9-4840-9B96-35704912628E}"
EndProject
Global
	GlobalSection(SolutionConfigurationPlatforms) = preSolution
		Debug|Any CPU = Debug|Any CPU
		Release|Any CPU = Release|Any CPU
	EndGlobalSection
	GlobalSection(ProjectConfigurationPlatforms) = postSolution
		{E5225A5F-751C-4BC1-A88B-0AE667B32B3C}.Debug|Any CPU.ActiveCfg = Debug|Any CPU
		{E5225A5F-751C-4BC1-A88B-0AE667B32B3C}.Debug|Any CPU.Build.0 = Debug|Any CPU
		{E5225A5F-751C-4BC1-A88B-0AE667B32B3C}.Release|Any CPU.ActiveCfg = Release|Any CPU
		{E5225A5F-751C-4BC1-A88B-0AE667B32B3C}.Release|Any CPU.Build.0 = Release|Any CPU
		{9BED608A-8A2E-4995-B713-C8808E8300EF}.Debug|Any CPU.ActiveCfg = Debug|Any CPU
		{9BED608A-8A2E-4995-B713-C8808E8300EF}.Debug|Any CPU.Build.0 = Debug|Any CPU
		{9BED608A-8A2E-4995-B713-C8808E8300EF}.Release|Any CPU.ActiveCfg = Release|Any CPU
		{9BED608A-8A2E-4995-B713-C8808E8300EF}.Release|Any CPU.Build.0 = Release|Any CPU
		{A8E41112-AEB6-48CA-BDC2-440F616DBFE5}.Debug|Any CPU.ActiveCfg = Debug|Any CPU
		{A8E41112-AEB6-48CA-BDC2-440F616DBFE5}.Debug|Any CPU.Build.0 = Debug|Any CPU
		{A8E41112-AEB6-48CA-BDC2-440F616DBFE5}.Release|Any CPU.ActiveCfg = Release|Any CPU
		{A8E41112-AEB6-48CA-BDC2-440F616DBFE5}.Release|Any CPU.Build.0 = Release|Any CPU
		{59CF7265-1110-4BBE-B84E-1A89696363B0}.Debug|Any CPU.ActiveCfg = Debug|Any CPU
		{59CF7265-1110-4BBE-B84E-1A89696363B0}.Debug|Any CPU.Build.0 = Debug|Any CPU
		{59CF7265-1110-4BBE-B84E-1A89696363B0}.Release|Any CPU.ActiveCfg = Release|Any CPU
		{59CF7265-1110-4BBE-B84E-1A89696363B0}.Release|Any CPU.Build.0 = Release|Any CPU
		{8960E542-550B-44F9-92D0-27AAA54DB260}.Debug|Any CPU.ActiveCfg = Debug|Any CPU
		{8960E542-550B-44F9-92D0-27AAA54DB260}.Debug|Any CPU.Build.0 = Debug|Any CPU
		{8960E542-550B-44F9-92D0-27AAA54DB260}.Release|Any CPU.ActiveCfg = Release|Any CPU
		{8960E542-550B-44F9-92D0-27AAA54DB260}.Release|Any CPU.Build.0 = Release|Any CPU
		{365B9CD6-B1E9-4840-9B96-35704912628E}.Debug|Any CPU.ActiveCfg = Debug|Any CPU
		{365B9CD6-B1E9-4840-9B96-35704912628E}.Debug|Any CPU.Build.0 = Debug|Any CPU
		{365B9CD6-B1E9-4840-9B96-35704912628E}.Release|Any CPU.ActiveCfg = Release|Any CPU
		{365B9CD6-B1E9-4840-9B96-35704912628E}.Release|Any CPU.Build.0 = Release|Any CPU
	EndGlobalSection
	GlobalSection(SolutionProperties) = preSolution
		HideSolutionNode = FALSE
	EndGlobalSection
	GlobalSection(NestedProjects) = preSolution
		{E5225A5F-751C-4BC1-A88B-0AE667B32B3C} = {36D591C7-65C7-A0D1-1CBC-10CDE441BDC8}
		{9BED608A-8A2E-4995-B713-C8808E8300EF} = {36D591C7-65C7-A0D1-1CBC-10CDE441BDC8}
		{A8E41112-AEB6-48CA-BDC2-440F616DBFE5} = {36D591C7-65C7-A0D1-1CBC-10CDE441BDC8}
		{59CF7265-1110-4BBE-B84E-1A89696363B0} = {9E492523-BAC5-4F07-9995-9CAA0D8B269E}
		{8960E542-550B-44F9-92D0-27AAA54DB260} = {9E492523-BAC5-4F07-9995-9CAA0D8B269E}
		{365B9CD6-B1E9-4840-9B96-35704912628E} = {9E492523-BAC5-4F07-9995-9CAA0D8B269E}
	EndGlobalSection
	GlobalSection(ExtensibilityGlobals) = postSolution
		SolutionGuid = {155DFE19-A1AE-45C1-8E58-40201648C0B1}
	EndGlobalSection
EndGlobal
